<?xml version="1.0" encoding="UTF-8" standalone="yes" ?>
<CodeBlocks_project_file>
	<FileVersion major="1" minor="6" />
	<Project>
		<Option title="CEI-FANUC" />
		<Option pch_mode="2" />
		<Option compiler="gcc" />
		<Build>
			<Target title="Debug">
				<Option output="bin/Debug/CEI-FANUC" prefix_auto="1" extension_auto="1" />
				<Option object_output="obj/Debug/" />
				<Option type="1" />
				<Option compiler="gcc" />
				<Compiler>
					<Add option="-std=c++1z" />
					<Add directory="C:/Program Files (x86)/CodeBlocks/MinGW/include" />
				</Compiler>
				<Linker>
					<Add option="-O3" />
					<Add option="-s" />
				</Linker>
			</Target>
			<Target title="Release">
				<Option output="bin/Release/CEI-FANUC" prefix_auto="1" extension_auto="1" />
				<Option object_output="obj/Release/" />
				<Option type="1" />
				<Option compiler="gcc" />
				<Compiler>
					<Add option="-O2" />
					<Add option="-std=c++1z" />
				</Compiler>
				<Linker>
					<Add option="-s" />
				</Linker>
			</Target>
		</Build>
		<Compiler>
			<Add option="-std=c++1z" />
		</Compiler>
		<Unit filename="headers/FTT.h" />
		<Unit filename="headers/alarme_history.h" />
		<Unit filename="headers/classes.h" />
		<Unit filename="headers/db_step.h" />
		<Unit filename="headers/header.h" />
		<Unit filename="headers/librairie.h" />
		<Unit filename="headers/prediction_step.h" />
		<Unit filename="headers/predictor_construction_step.h" />
		<Unit filename="headers/script_python.h" />
		<Unit filename="headers/svm.h" />
		<Unit filename="sources/alarme_history.cpp" />
		<Unit filename="sources/db_step.cpp" />
		<Unit filename="sources/main.cpp" />
		<Unit filename="sources/prediction_step.cpp" />
		<Unit filename="sources/predictor_construction_step.cpp" />
		<Unit filename="sources/script_python.cpp" />
		<Unit filename="sources/svm.cpp" />
		<Extensions>
			<code_completion />
			<envvars />
			<debugger />
			<lib_finder disable_auto="1" />
		</Extensions>
	</Project>
</CodeBlocks_project_file>
